# This file is autogenerated, do not edit; changes may be undone by the next 'dep ensure'.


[[projects]]
  name = "github.com/go-stack/stack"
  packages = ["."]
  revision = "259ab82a6cad3992b4e21ff5cac294ccb06474bc"
  version = "v1.7.0"

[[projects]]
  name = "github.com/mongodb/mongo-go-driver"
  packages = [
    "bson",
    "bson/builder",
    "bson/decimal",
    "bson/elements",
    "bson/internal/jsonparser",
    "bson/objectid",
    "bson/parser",
    "bson/parser/ast"
  ]
  revision = "545effea171428c3e129274032cedbf9beb0e724"
  version = "v0.0.8"

[[projects]]
  branch = "v2"
  name = "gopkg.in/mgo.v2"
  packages = [
    "bson",
    "internal/json"
  ]
  revision = "60f23985327354fe2d4dde32ba05598bb047a114"
  source = "github.com/10gen/mgo"

[solve-meta]
  analyzer-name = "dep"
  analyzer-version = 1
  inputs-digest = "aaba91791019f36f00a5b6b1a290706e08e9e50077d44e57c47a6579531237ed"
  solver-name = "gps-cdcl"
  solver-version = 1
